
Microsoft Visual Studio Solution File, Format Version 12.00
# Visual Studio Version 16
VisualStudioVersion = 16.0.29519.87
MinimumVisualStudioVersion = 10.0.40219.1
Project("{FAE04EC0-301F-11D3-BF4B-00C04F79EFBC}") = "iRh.Windows", "iRh.Windows\iRh.Windows.csproj", "{D61601F3-AB93-4E35-BE9E-DE4FFCB7D7AA}"
EndProject
Global
	GlobalSection(SolutionConfigurationPlatforms) = preSolution
		Debug|Any CPU = Debug|Any CPU
		Release|Any CPU = Release|Any CPU
	EndGlobalSection
	GlobalSection(ProjectConfigurationPlatforms) = postSolution
		{D61601F3-AB93-4E35-BE9E-DE4FFCB7D7AA}.Debug|Any CPU.ActiveCfg = Debug|Any CPU
		{D61601F3-AB93-4E35-BE9E-DE4FFCB7D7AA}.Debug|Any CPU.Build.0 = Debug|Any CPU
		{D61601F3-AB93-4E35-BE9E-DE4FFCB7D7AA}.Release|Any CPU.ActiveCfg = Release|Any CPU
		{D61601F3-AB93-4E35-BE9E-DE4FFCB7D7AA}.Release|Any CPU.Build.0 = Release|Any CPU
	EndGlobalSection
	GlobalSection(SolutionProperties) = preSolution
		HideSolutionNode = FALSE
	EndGlobalSection
	GlobalSection(ExtensibilityGlobals) = postSolution
		SolutionGuid = {86200DA1-8763-418A-A90D-F4E3D0FCCD3A}
	EndGlobalSection
EndGlobal
